
Microsoft Visual Studio Solution File, Format Version 12.00
# Visual Studio Version 16
VisualStudioVersion = 16.0.31605.320
MinimumVisualStudioVersion = 10.0.40219.1
Project("{FAE04EC0-301F-11D3-BF4B-00C04F79EFBC}") = "serviceTitan", "serviceTitan\serviceTitan.csproj", "{9C35D4DC-437A-4DBD-A146-52F450E3DCAE}"
EndProject
Global
	GlobalSection(SolutionConfigurationPlatforms) = preSolution
		Debug|Any CPU = Debug|Any CPU
		Release|Any CPU = Release|Any CPU
	EndGlobalSection
	GlobalSection(ProjectConfigurationPlatforms) = postSolution
		{9C35D4DC-437A-4DBD-A146-52F450E3DCAE}.Debug|Any CPU.ActiveCfg = Debug|Any CPU
		{9C35D4DC-437A-4DBD-A146-52F450E3DCAE}.Debug|Any CPU.Build.0 = Debug|Any CPU
		{9C35D4DC-437A-4DBD-A146-52F450E3DCAE}.Release|Any CPU.ActiveCfg = Release|Any CPU
		{9C35D4DC-437A-4DBD-A146-52F450E3DCAE}.Release|Any CPU.Build.0 = Release|Any CPU
	EndGlobalSection
	GlobalSection(SolutionProperties) = preSolution
		HideSolutionNode = FALSE
	EndGlobalSection
	GlobalSection(ExtensibilityGlobals) = postSolution
		SolutionGuid = {2DFD5F0E-F607-4E4C-BA82-D7D39031313B}
	EndGlobalSection
EndGlobal
