
Microsoft Visual Studio Solution File, Format Version 12.00
# Visual Studio Version 16
VisualStudioVersion = 16.0.31605.320
MinimumVisualStudioVersion = 10.0.40219.1
Project("{FAE04EC0-301F-11D3-BF4B-00C04F79EFBC}") = "School", "School\School.csproj", "{A9D6614B-0AA3-4226-A45F-1923BB55D70A}"
EndProject
Global
	GlobalSection(SolutionConfigurationPlatforms) = preSolution
		Debug|Any CPU = Debug|Any CPU
		Release|Any CPU = Release|Any CPU
	EndGlobalSection
	GlobalSection(ProjectConfigurationPlatforms) = postSolution
		{A9D6614B-0AA3-4226-A45F-1923BB55D70A}.Debug|Any CPU.ActiveCfg = Debug|Any CPU
		{A9D6614B-0AA3-4226-A45F-1923BB55D70A}.Debug|Any CPU.Build.0 = Debug|Any CPU
		{A9D6614B-0AA3-4226-A45F-1923BB55D70A}.Release|Any CPU.ActiveCfg = Release|Any CPU
		{A9D6614B-0AA3-4226-A45F-1923BB55D70A}.Release|Any CPU.Build.0 = Release|Any CPU
	EndGlobalSection
	GlobalSection(SolutionProperties) = preSolution
		HideSolutionNode = FALSE
	EndGlobalSection
	GlobalSection(ExtensibilityGlobals) = postSolution
		SolutionGuid = {5CCB73D2-A362-4C63-A11E-A1E6A69404F8}
	EndGlobalSection
EndGlobal
