
Microsoft Visual Studio Solution File, Format Version 12.00
# Visual Studio Version 16
VisualStudioVersion = 16.0.31605.320
MinimumVisualStudioVersion = 10.0.40219.1
Project("{FAE04EC0-301F-11D3-BF4B-00C04F79EFBC}") = "Supermarket", "Supermarket\Supermarket.csproj", "{98974DA6-4481-4637-A2E4-AC93BEF72630}"
EndProject
Global
	GlobalSection(SolutionConfigurationPlatforms) = preSolution
		Debug|Any CPU = Debug|Any CPU
		Release|Any CPU = Release|Any CPU
	EndGlobalSection
	GlobalSection(ProjectConfigurationPlatforms) = postSolution
		{98974DA6-4481-4637-A2E4-AC93BEF72630}.Debug|Any CPU.ActiveCfg = Debug|Any CPU
		{98974DA6-4481-4637-A2E4-AC93BEF72630}.Debug|Any CPU.Build.0 = Debug|Any CPU
		{98974DA6-4481-4637-A2E4-AC93BEF72630}.Release|Any CPU.ActiveCfg = Release|Any CPU
		{98974DA6-4481-4637-A2E4-AC93BEF72630}.Release|Any CPU.Build.0 = Release|Any CPU
	EndGlobalSection
	GlobalSection(SolutionProperties) = preSolution
		HideSolutionNode = FALSE
	EndGlobalSection
	GlobalSection(ExtensibilityGlobals) = postSolution
		SolutionGuid = {093126B1-8D05-467A-B761-E992C2AFAEEE}
	EndGlobalSection
EndGlobal
