
Microsoft Visual Studio Solution File, Format Version 12.00
# Visual Studio Version 16
VisualStudioVersion = 16.0.31605.320
MinimumVisualStudioVersion = 10.0.40219.1
Project("{FAE04EC0-301F-11D3-BF4B-00C04F79EFBC}") = "University", "University\University.csproj", "{20BE7CC3-ED50-43AC-AABC-EEC60D572DAD}"
EndProject
Global
	GlobalSection(SolutionConfigurationPlatforms) = preSolution
		Debug|Any CPU = Debug|Any CPU
		Release|Any CPU = Release|Any CPU
	EndGlobalSection
	GlobalSection(ProjectConfigurationPlatforms) = postSolution
		{20BE7CC3-ED50-43AC-AABC-EEC60D572DAD}.Debug|Any CPU.ActiveCfg = Debug|Any CPU
		{20BE7CC3-ED50-43AC-AABC-EEC60D572DAD}.Debug|Any CPU.Build.0 = Debug|Any CPU
		{20BE7CC3-ED50-43AC-AABC-EEC60D572DAD}.Release|Any CPU.ActiveCfg = Release|Any CPU
		{20BE7CC3-ED50-43AC-AABC-EEC60D572DAD}.Release|Any CPU.Build.0 = Release|Any CPU
	EndGlobalSection
	GlobalSection(SolutionProperties) = preSolution
		HideSolutionNode = FALSE
	EndGlobalSection
	GlobalSection(ExtensibilityGlobals) = postSolution
		SolutionGuid = {D9482723-47AB-4D81-AF2A-11B14436368E}
	EndGlobalSection
EndGlobal
